
Microsoft Visual Studio Solution File, Format Version 12.00
# Visual Studio Version 17
VisualStudioVersion = 17.0.32014.148
MinimumVisualStudioVersion = 10.0.40219.1
Project("{9A19103F-16F7-4668-BE54-9A1E7A4F7556}") = "BookStore.Startup", "BookStore.Startup\BookStore.Startup.csproj", "{25495ACD-645A-4C11-8B0E-1EBEC1EC9D55}"
EndProject
Project("{9A19103F-16F7-4668-BE54-9A1E7A4F7556}") = "BookStore.Domain", "BookStore.Domain\BookStore.Domain.csproj", "{4A4118B9-D1D2-479E-9BCF-86EF0B80360A}"
EndProject
Project("{9A19103F-16F7-4668-BE54-9A1E7A4F7556}") = "BookStore.Application", "BookStore.Application\BookStore.Application.csproj", "{63FBB715-C4A3-4945-A95C-FAD1735B5D25}"
EndProject
Project("{9A19103F-16F7-4668-BE54-9A1E7A4F7556}") = "BookStore.Web", "BookStore.Web\BookStore.Web.csproj", "{EF0FE594-DC20-4744-BE8C-8B078CB799DE}"
EndProject
Project("{FAE04EC0-301F-11D3-BF4B-00C04F79EFBC}") = "BookStore.Infrastructure", "BookStore.Infrastructure\BookStore.Infrastructure.csproj", "{A370D043-2D06-4021-9C96-43836AEBBB49}"
EndProject
Global
	GlobalSection(SolutionConfigurationPlatforms) = preSolution
		Debug|Any CPU = Debug|Any CPU
		Release|Any CPU = Release|Any CPU
	EndGlobalSection
	GlobalSection(ProjectConfigurationPlatforms) = postSolution
		{25495ACD-645A-4C11-8B0E-1EBEC1EC9D55}.Debug|Any CPU.ActiveCfg = Debug|Any CPU
		{25495ACD-645A-4C11-8B0E-1EBEC1EC9D55}.Debug|Any CPU.Build.0 = Debug|Any CPU
		{25495ACD-645A-4C11-8B0E-1EBEC1EC9D55}.Release|Any CPU.ActiveCfg = Release|Any CPU
		{25495ACD-645A-4C11-8B0E-1EBEC1EC9D55}.Release|Any CPU.Build.0 = Release|Any CPU
		{4A4118B9-D1D2-479E-9BCF-86EF0B80360A}.Debug|Any CPU.ActiveCfg = Debug|Any CPU
		{4A4118B9-D1D2-479E-9BCF-86EF0B80360A}.Debug|Any CPU.Build.0 = Debug|Any CPU
		{4A4118B9-D1D2-479E-9BCF-86EF0B80360A}.Release|Any CPU.ActiveCfg = Release|Any CPU
		{4A4118B9-D1D2-479E-9BCF-86EF0B80360A}.Release|Any CPU.Build.0 = Release|Any CPU
		{63FBB715-C4A3-4945-A95C-FAD1735B5D25}.Debug|Any CPU.ActiveCfg = Debug|Any CPU
		{63FBB715-C4A3-4945-A95C-FAD1735B5D25}.Debug|Any CPU.Build.0 = Debug|Any CPU
		{63FBB715-C4A3-4945-A95C-FAD1735B5D25}.Release|Any CPU.ActiveCfg = Release|Any CPU
		{63FBB715-C4A3-4945-A95C-FAD1735B5D25}.Release|Any CPU.Build.0 = Release|Any CPU
		{EF0FE594-DC20-4744-BE8C-8B078CB799DE}.Debug|Any CPU.ActiveCfg = Debug|Any CPU
		{EF0FE594-DC20-4744-BE8C-8B078CB799DE}.Debug|Any CPU.Build.0 = Debug|Any CPU
		{EF0FE594-DC20-4744-BE8C-8B078CB799DE}.Release|Any CPU.ActiveCfg = Release|Any CPU
		{EF0FE594-DC20-4744-BE8C-8B078CB799DE}.Release|Any CPU.Build.0 = Release|Any CPU
		{A370D043-2D06-4021-9C96-43836AEBBB49}.Debug|Any CPU.ActiveCfg = Debug|Any CPU
		{A370D043-2D06-4021-9C96-43836AEBBB49}.Debug|Any CPU.Build.0 = Debug|Any CPU
		{A370D043-2D06-4021-9C96-43836AEBBB49}.Release|Any CPU.ActiveCfg = Release|Any CPU
		{A370D043-2D06-4021-9C96-43836AEBBB49}.Release|Any CPU.Build.0 = Release|Any CPU
	EndGlobalSection
	GlobalSection(SolutionProperties) = preSolution
		HideSolutionNode = FALSE
	EndGlobalSection
	GlobalSection(ExtensibilityGlobals) = postSolution
		SolutionGuid = {C2C99E18-43BC-463E-84FB-BE297723EEE7}
	EndGlobalSection
EndGlobal
