
Microsoft Visual Studio Solution File, Format Version 12.00
# Visual Studio Version 17
VisualStudioVersion = 17.0.32014.148
MinimumVisualStudioVersion = 10.0.40219.1
Project("{FAE04EC0-301F-11D3-BF4B-00C04F79EFBC}") = "BookStore.Domain", "BookStore.Domain\BookStore.Domain.csproj", "{4A4118B9-D1D2-479E-9BCF-86EF0B80360A}"
EndProject
Project("{FAE04EC0-301F-11D3-BF4B-00C04F79EFBC}") = "BookStore.Application", "BookStore.Application\BookStore.Application.csproj", "{63FBB715-C4A3-4945-A95C-FAD1735B5D25}"
EndProject
Global
	GlobalSection(SolutionConfigurationPlatforms) = preSolution
		Debug|Any CPU = Debug|Any CPU
		Release|Any CPU = Release|Any CPU
	EndGlobalSection
	GlobalSection(ProjectConfigurationPlatforms) = postSolution
		{4A4118B9-D1D2-479E-9BCF-86EF0B80360A}.Debug|Any CPU.ActiveCfg = Debug|Any CPU
		{4A4118B9-D1D2-479E-9BCF-86EF0B80360A}.Debug|Any CPU.Build.0 = Debug|Any CPU
		{4A4118B9-D1D2-479E-9BCF-86EF0B80360A}.Release|Any CPU.ActiveCfg = Release|Any CPU
		{4A4118B9-D1D2-479E-9BCF-86EF0B80360A}.Release|Any CPU.Build.0 = Release|Any CPU
		{63FBB715-C4A3-4945-A95C-FAD1735B5D25}.Debug|Any CPU.ActiveCfg = Debug|Any CPU
		{63FBB715-C4A3-4945-A95C-FAD1735B5D25}.Debug|Any CPU.Build.0 = Debug|Any CPU
		{63FBB715-C4A3-4945-A95C-FAD1735B5D25}.Release|Any CPU.ActiveCfg = Release|Any CPU
		{63FBB715-C4A3-4945-A95C-FAD1735B5D25}.Release|Any CPU.Build.0 = Release|Any CPU
	EndGlobalSection
	GlobalSection(SolutionProperties) = preSolution
		HideSolutionNode = FALSE
	EndGlobalSection
	GlobalSection(ExtensibilityGlobals) = postSolution
		SolutionGuid = {C2C99E18-43BC-463E-84FB-BE297723EEE7}
	EndGlobalSection
EndGlobal
